
Microsoft Visual Studio Solution File, Format Version 12.00
# Visual Studio Version 17
VisualStudioVersion = 17.14.36408.4 d17.14
MinimumVisualStudioVersion = 10.0.40219.1
Project("{F184B08F-C81C-45F6-A57F-5ABD9991F28F}") = "gujin", "gujin.vbproj", "{B4A8BE36-55D2-43C3-BAA9-B0E746AA94D4}"
EndProject
Global
	GlobalSection(SolutionConfigurationPlatforms) = preSolution
		Debug|Any CPU = Debug|Any CPU
		Release|Any CPU = Release|Any CPU
	EndGlobalSection
	GlobalSection(ProjectConfigurationPlatforms) = postSolution
		{B4A8BE36-55D2-43C3-BAA9-B0E746AA94D4}.Debug|Any CPU.ActiveCfg = Debug|Any CPU
		{B4A8BE36-55D2-43C3-BAA9-B0E746AA94D4}.Debug|Any CPU.Build.0 = Debug|Any CPU
		{B4A8BE36-55D2-43C3-BAA9-B0E746AA94D4}.Release|Any CPU.ActiveCfg = Release|Any CPU
		{B4A8BE36-55D2-43C3-BAA9-B0E746AA94D4}.Release|Any CPU.Build.0 = Release|Any CPU
	EndGlobalSection
	GlobalSection(SolutionProperties) = preSolution
		HideSolutionNode = FALSE
	EndGlobalSection
	GlobalSection(ExtensibilityGlobals) = postSolution
		SolutionGuid = {AE81C035-20CB-46A2-B4D4-6276AD299994}
	EndGlobalSection
EndGlobal
